
Microsoft Visual Studio Solution File, Format Version 12.00
# Visual Studio Version 16
VisualStudioVersion = 16.0.30002.166
MinimumVisualStudioVersion = 10.0.40219.1
Project("{FAE04EC0-301F-11D3-BF4B-00C04F79EFBC}") = "WinForms_Lab1", "WinForms_Lab1\WinForms_Lab1.csproj", "{19DDEEFC-04BA-4CB4-80C0-56B600160497}"
EndProject
Global
	GlobalSection(SolutionConfigurationPlatforms) = preSolution
		Debug|Any CPU = Debug|Any CPU
		Release|Any CPU = Release|Any CPU
	EndGlobalSection
	GlobalSection(ProjectConfigurationPlatforms) = postSolution
		{19DDEEFC-04BA-4CB4-80C0-56B600160497}.Debug|Any CPU.ActiveCfg = Debug|Any CPU
		{19DDEEFC-04BA-4CB4-80C0-56B600160497}.Debug|Any CPU.Build.0 = Debug|Any CPU
		{19DDEEFC-04BA-4CB4-80C0-56B600160497}.Release|Any CPU.ActiveCfg = Release|Any CPU
		{19DDEEFC-04BA-4CB4-80C0-56B600160497}.Release|Any CPU.Build.0 = Release|Any CPU
	EndGlobalSection
	GlobalSection(SolutionProperties) = preSolution
		HideSolutionNode = FALSE
	EndGlobalSection
	GlobalSection(ExtensibilityGlobals) = postSolution
		SolutionGuid = {590553F3-F21D-47A9-B156-56BB7C84A596}
	EndGlobalSection
EndGlobal
